
Microsoft Visual Studio Solution File, Format Version 12.00
# Visual Studio 14
VisualStudioVersion = 14.0.25123.0
MinimumVisualStudioVersion = 10.0.40219.1
Project("{FAE04EC0-301F-11D3-BF4B-00C04F79EFBC}") = "Perfect Xerox", "Perfect Xerox.csproj", "{7A0B1363-2710-4C3B-AD50-572AAB54E5D7}"
EndProject
Project("{54435603-DBB4-11D2-8724-00A0C9A8B90C}") = "Perfect Setup", "..\Perfect Setup\Perfect Setup.vdproj", "{675A4310-6BD1-4E1C-B940-F4FF29C931DA}"
EndProject
Global
	GlobalSection(SolutionConfigurationPlatforms) = preSolution
		Debug|Any CPU = Debug|Any CPU
		Release|Any CPU = Release|Any CPU
	EndGlobalSection
	GlobalSection(ProjectConfigurationPlatforms) = postSolution
		{7A0B1363-2710-4C3B-AD50-572AAB54E5D7}.Debug|Any CPU.ActiveCfg = Debug|Any CPU
		{7A0B1363-2710-4C3B-AD50-572AAB54E5D7}.Debug|Any CPU.Build.0 = Debug|Any CPU
		{7A0B1363-2710-4C3B-AD50-572AAB54E5D7}.Release|Any CPU.ActiveCfg = Release|Any CPU
		{7A0B1363-2710-4C3B-AD50-572AAB54E5D7}.Release|Any CPU.Build.0 = Release|Any CPU
		{675A4310-6BD1-4E1C-B940-F4FF29C931DA}.Debug|Any CPU.ActiveCfg = Debug
		{675A4310-6BD1-4E1C-B940-F4FF29C931DA}.Release|Any CPU.ActiveCfg = Release
	EndGlobalSection
	GlobalSection(SolutionProperties) = preSolution
		HideSolutionNode = FALSE
	EndGlobalSection
EndGlobal
